
Microsoft Visual Studio Solution File, Format Version 12.00
# Visual Studio Version 17
VisualStudioVersion = 17.0.32112.339
MinimumVisualStudioVersion = 10.0.40219.1
Project("{2150E333-8FDC-42A3-9474-1A3956D46DE8}") = "Doc", "Doc", "{A47C1A71-4BE5-4C01-994E-C287018E4406}"
EndProject
Project("{2150E333-8FDC-42A3-9474-1A3956D46DE8}") = "Src", "Src", "{4575D095-1777-4590-9E64-08B462E7F20C}"
EndProject
Project("{2150E333-8FDC-42A3-9474-1A3956D46DE8}") = "Test", "Test", "{507F0513-EDCC-4B51-872A-A93056835DB1}"
EndProject
Project("{2150E333-8FDC-42A3-9474-1A3956D46DE8}") = "Core", "Core", "{8A07D5D6-93C0-447B-92FC-E2F09CC0F6B8}"
EndProject
Project("{2150E333-8FDC-42A3-9474-1A3956D46DE8}") = "Presentation", "Presentation", "{5E347B76-9B8B-4338-A213-B952A091897B}"
EndProject
Project("{2150E333-8FDC-42A3-9474-1A3956D46DE8}") = "Common", "Common", "{6E59123F-5956-4DAB-AD7E-836CD9BAC205}"
EndProject
Project("{2150E333-8FDC-42A3-9474-1A3956D46DE8}") = "Infrastructure", "Infrastructure", "{6A30787B-52B7-4977-950F-EC461E1EE901}"
EndProject
Project("{FAE04EC0-301F-11D3-BF4B-00C04F79EFBC}") = "DotNet5_Store.Domain", "DotNet5_Store.Domain\DotNet5_Store.Domain.csproj", "{79F14DDF-7D8A-45BF-821F-7681E8DFE1D4}"
EndProject
Project("{FAE04EC0-301F-11D3-BF4B-00C04F79EFBC}") = "DotNet5_Store_Application", "DotNet5_Store_Application\DotNet5_Store_Application.csproj", "{69348ED2-26F7-4251-9EF9-D7F1BE0A1316}"
EndProject
Project("{FAE04EC0-301F-11D3-BF4B-00C04F79EFBC}") = "DotNet5_Store_Infrastructure", "DotNet5_Store_Infrastructure\DotNet5_Store_Infrastructure.csproj", "{ECEBEDC2-08E8-46CA-876D-1485F94C6254}"
EndProject
Project("{FAE04EC0-301F-11D3-BF4B-00C04F79EFBC}") = "DotNet5_Store_Persistance", "DotNet5_Store_Persistance\DotNet5_Store_Persistance.csproj", "{73FB71E1-CB51-45CF-8751-8CFE1C7F347E}"
EndProject
Project("{FAE04EC0-301F-11D3-BF4B-00C04F79EFBC}") = "DotNet5_Store_Common", "DotNet5_Store_Common\DotNet5_Store_Common.csproj", "{A9E2BF39-ED61-4740-8317-B51B88A985C6}"
EndProject
Project("{FAE04EC0-301F-11D3-BF4B-00C04F79EFBC}") = "EndPoint.Site", "EndPoint.Site\EndPoint.Site.csproj", "{7FCDF914-FBEF-4F5D-A158-18F43D50B8CB}"
EndProject
Global
	GlobalSection(SolutionConfigurationPlatforms) = preSolution
		Debug|Any CPU = Debug|Any CPU
		Release|Any CPU = Release|Any CPU
	EndGlobalSection
	GlobalSection(ProjectConfigurationPlatforms) = postSolution
		{79F14DDF-7D8A-45BF-821F-7681E8DFE1D4}.Debug|Any CPU.ActiveCfg = Debug|Any CPU
		{79F14DDF-7D8A-45BF-821F-7681E8DFE1D4}.Debug|Any CPU.Build.0 = Debug|Any CPU
		{79F14DDF-7D8A-45BF-821F-7681E8DFE1D4}.Release|Any CPU.ActiveCfg = Release|Any CPU
		{79F14DDF-7D8A-45BF-821F-7681E8DFE1D4}.Release|Any CPU.Build.0 = Release|Any CPU
		{69348ED2-26F7-4251-9EF9-D7F1BE0A1316}.Debug|Any CPU.ActiveCfg = Debug|Any CPU
		{69348ED2-26F7-4251-9EF9-D7F1BE0A1316}.Debug|Any CPU.Build.0 = Debug|Any CPU
		{69348ED2-26F7-4251-9EF9-D7F1BE0A1316}.Release|Any CPU.ActiveCfg = Release|Any CPU
		{69348ED2-26F7-4251-9EF9-D7F1BE0A1316}.Release|Any CPU.Build.0 = Release|Any CPU
		{ECEBEDC2-08E8-46CA-876D-1485F94C6254}.Debug|Any CPU.ActiveCfg = Debug|Any CPU
		{ECEBEDC2-08E8-46CA-876D-1485F94C6254}.Debug|Any CPU.Build.0 = Debug|Any CPU
		{ECEBEDC2-08E8-46CA-876D-1485F94C6254}.Release|Any CPU.ActiveCfg = Release|Any CPU
		{ECEBEDC2-08E8-46CA-876D-1485F94C6254}.Release|Any CPU.Build.0 = Release|Any CPU
		{73FB71E1-CB51-45CF-8751-8CFE1C7F347E}.Debug|Any CPU.ActiveCfg = Debug|Any CPU
		{73FB71E1-CB51-45CF-8751-8CFE1C7F347E}.Debug|Any CPU.Build.0 = Debug|Any CPU
		{73FB71E1-CB51-45CF-8751-8CFE1C7F347E}.Release|Any CPU.ActiveCfg = Release|Any CPU
		{73FB71E1-CB51-45CF-8751-8CFE1C7F347E}.Release|Any CPU.Build.0 = Release|Any CPU
		{A9E2BF39-ED61-4740-8317-B51B88A985C6}.Debug|Any CPU.ActiveCfg = Debug|Any CPU
		{A9E2BF39-ED61-4740-8317-B51B88A985C6}.Debug|Any CPU.Build.0 = Debug|Any CPU
		{A9E2BF39-ED61-4740-8317-B51B88A985C6}.Release|Any CPU.ActiveCfg = Release|Any CPU
		{A9E2BF39-ED61-4740-8317-B51B88A985C6}.Release|Any CPU.Build.0 = Release|Any CPU
		{7FCDF914-FBEF-4F5D-A158-18F43D50B8CB}.Debug|Any CPU.ActiveCfg = Debug|Any CPU
		{7FCDF914-FBEF-4F5D-A158-18F43D50B8CB}.Debug|Any CPU.Build.0 = Debug|Any CPU
		{7FCDF914-FBEF-4F5D-A158-18F43D50B8CB}.Release|Any CPU.ActiveCfg = Release|Any CPU
		{7FCDF914-FBEF-4F5D-A158-18F43D50B8CB}.Release|Any CPU.Build.0 = Release|Any CPU
	EndGlobalSection
	GlobalSection(SolutionProperties) = preSolution
		HideSolutionNode = FALSE
	EndGlobalSection
	GlobalSection(NestedProjects) = preSolution
		{8A07D5D6-93C0-447B-92FC-E2F09CC0F6B8} = {4575D095-1777-4590-9E64-08B462E7F20C}
		{5E347B76-9B8B-4338-A213-B952A091897B} = {4575D095-1777-4590-9E64-08B462E7F20C}
		{6E59123F-5956-4DAB-AD7E-836CD9BAC205} = {4575D095-1777-4590-9E64-08B462E7F20C}
		{6A30787B-52B7-4977-950F-EC461E1EE901} = {4575D095-1777-4590-9E64-08B462E7F20C}
		{79F14DDF-7D8A-45BF-821F-7681E8DFE1D4} = {8A07D5D6-93C0-447B-92FC-E2F09CC0F6B8}
		{69348ED2-26F7-4251-9EF9-D7F1BE0A1316} = {8A07D5D6-93C0-447B-92FC-E2F09CC0F6B8}
		{ECEBEDC2-08E8-46CA-876D-1485F94C6254} = {6A30787B-52B7-4977-950F-EC461E1EE901}
		{73FB71E1-CB51-45CF-8751-8CFE1C7F347E} = {6A30787B-52B7-4977-950F-EC461E1EE901}
		{A9E2BF39-ED61-4740-8317-B51B88A985C6} = {6E59123F-5956-4DAB-AD7E-836CD9BAC205}
		{7FCDF914-FBEF-4F5D-A158-18F43D50B8CB} = {5E347B76-9B8B-4338-A213-B952A091897B}
	EndGlobalSection
	GlobalSection(ExtensibilityGlobals) = postSolution
		SolutionGuid = {BB14EF6F-4C36-454E-8459-F1AFABF17245}
	EndGlobalSection
EndGlobal
